# THIS IS AN AUTOGENERATED FILE. DO NOT EDIT THIS FILE DIRECTLY.
# yarn lockfile v1


mutation-observer@^1.0.3:
  version "1.0.3"
  resolved "https://registry.yarnpkg.com/mutation-observer/-/mutation-observer-1.0.3.tgz#42e9222b101bca82e5ba9d5a7acf4a14c0f263d0"
  integrity sha512-M/O/4rF2h776hV7qGMZUH3utZLO/jK7p8rnNgGkjKUw8zCGjRQPxB8z6+5l8+VjRUQ3dNYu4vjqXYLr+U8ZVNA==

promise-super@^1.2.0:
  version "1.2.0"
  resolved "https://registry.yarnpkg.com/promise-super/-/promise-super-1.2.0.tgz#4838e97395cd13d17c9be985a6bf1a0f179f0be0"
  integrity sha512-mWr7eN1Vu2NL14OfWWvVwB8YogyhBQscJmL2C4poH7sCLJk9nGA0RCHzh+8J5L3fiNxzFRti6DvPnoeBLZC2Rw==

transitionEnd@^1.0.2:
  version "1.0.2"
  resolved "https://registry.yarnpkg.com/transitionEnd/-/transitionEnd-1.0.2.tgz#1914db5b45a7efdc34a01af69285a3a693871633"
  integrity sha1-GRTbW0Wn79w0oBr2koWjppOHFjM=

vconsole@^3.4.0:
  version "3.4.0"
  resolved "https://registry.yarnpkg.com/vconsole/-/vconsole-3.4.0.tgz#2cf2ffaa86cd7ab736997a22b63d05627c6ab567"
  integrity sha512-N9py7Ch9M9nzsigYf8T/WHIOood7jq2MNtUWDqicnrCsPsOZj8Z3NsmFgBmDA3bPKwnzace11HXHxYKPfwV32A==
  dependencies:
    mutation-observer "^1.0.3"
    transitionEnd "^1.0.2"

vue-router@^3.5.1:
  version "3.5.1"
  resolved "https://registry.yarnpkg.com/vue-router/-/vue-router-3.5.1.tgz#edf3cf4907952d1e0583e079237220c5ff6eb6c9"
  integrity sha512-RRQNLT8Mzr8z7eL4p7BtKvRaTSGdCbTy2+Mm5HTJvLGYSSeG9gDzNasJPP/yOYKLy+/cLG/ftrqq5fvkFwBJEw==

vue@^2.6.12:
  version "2.6.12"
  resolved "https://registry.yarnpkg.com/vue/-/vue-2.6.12.tgz#f5ebd4fa6bd2869403e29a896aed4904456c9123"
  integrity sha512-uhmLFETqPPNyuLLbsKz6ioJ4q7AZHzD8ZVFNATNyICSZouqP2Sz0rotWQC8UNBF6VGSCs5abnKJoStA6JbCbfg==

vuex@^3.6.0:
  version "3.6.2"
  resolved "https://registry.yarnpkg.com/vuex/-/vuex-3.6.2.tgz#236bc086a870c3ae79946f107f16de59d5895e71"
  integrity sha512-ETW44IqCgBpVomy520DT5jf8n0zoCac+sxWnn+hMe/CzaSejb/eVw2YToiXYX+Ex/AuHHia28vWTq4goAexFbw==
