# THIS IS AN AUTOGENERATED FILE. DO NOT EDIT THIS FILE DIRECTLY.
# yarn lockfile v1


promise-super@^1.2.0:
  version "1.2.0"
  resolved "https://registry.yarnpkg.com/promise-super/-/promise-super-1.2.0.tgz#4838e97395cd13d17c9be985a6bf1a0f179f0be0"
  integrity sha512-mWr7eN1Vu2NL14OfWWvVwB8YogyhBQscJmL2C4poH7sCLJk9nGA0RCHzh+8J5L3fiNxzFRti6DvPnoeBLZC2Rw==
